
Microsoft Visual Studio Solution File, Format Version 12.00
# Visual Studio Version 17
VisualStudioVersion = 17.14.36414.22 d17.14
MinimumVisualStudioVersion = 10.0.40219.1
Project("{FAE04EC0-301F-11D3-BF4B-00C04F79EFBC}") = "PGII_TU_MOSQUITO_CLARES_CORTEZ_AROCUTIPA", "PGII_TU_MOSQUITO_CLARES_CORTEZ_AROCUTIPA\PGII_TU_MOSQUITO_CLARES_CORTEZ_AROCUTIPA.csproj", "{9DABFA21-2793-4CA9-BCF2-6A65C9D95A07}"
EndProject
Global
	GlobalSection(SolutionConfigurationPlatforms) = preSolution
		Debug|Any CPU = Debug|Any CPU
		Release|Any CPU = Release|Any CPU
	EndGlobalSection
	GlobalSection(ProjectConfigurationPlatforms) = postSolution
		{9DABFA21-2793-4CA9-BCF2-6A65C9D95A07}.Debug|Any CPU.ActiveCfg = Debug|Any CPU
		{9DABFA21-2793-4CA9-BCF2-6A65C9D95A07}.Debug|Any CPU.Build.0 = Debug|Any CPU
		{9DABFA21-2793-4CA9-BCF2-6A65C9D95A07}.Release|Any CPU.ActiveCfg = Release|Any CPU
		{9DABFA21-2793-4CA9-BCF2-6A65C9D95A07}.Release|Any CPU.Build.0 = Release|Any CPU
	EndGlobalSection
	GlobalSection(SolutionProperties) = preSolution
		HideSolutionNode = FALSE
	EndGlobalSection
	GlobalSection(ExtensibilityGlobals) = postSolution
		SolutionGuid = {5689A824-65D2-4E1F-85B8-C609BE864BB6}
	EndGlobalSection
EndGlobal
